
Microsoft Visual Studio Solution File, Format Version 12.00
# Visual Studio Version 17
VisualStudioVersion = 17.5.002.0
MinimumVisualStudioVersion = 10.0.40219.1
Project("{9A19103F-16F7-4668-BE54-9A1E7A4F7556}") = "testTechBack.API", "testTechBack.API\testTechBack.API.csproj", "{D5E4411B-5F29-476C-99F5-30E1D30C76C7}"
EndProject
Project("{FAE04EC0-301F-11D3-BF4B-00C04F79EFBC}") = "testTechBack.Domain", "testTechBack.Domain\testTechBack.Domain.csproj", "{4C74CA0B-0BF8-4F71-8383-720EBF90719F}"
EndProject
Global
	GlobalSection(SolutionConfigurationPlatforms) = preSolution
		Debug|Any CPU = Debug|Any CPU
		Release|Any CPU = Release|Any CPU
	EndGlobalSection
	GlobalSection(ProjectConfigurationPlatforms) = postSolution
		{D5E4411B-5F29-476C-99F5-30E1D30C76C7}.Debug|Any CPU.ActiveCfg = Debug|Any CPU
		{D5E4411B-5F29-476C-99F5-30E1D30C76C7}.Debug|Any CPU.Build.0 = Debug|Any CPU
		{D5E4411B-5F29-476C-99F5-30E1D30C76C7}.Release|Any CPU.ActiveCfg = Release|Any CPU
		{D5E4411B-5F29-476C-99F5-30E1D30C76C7}.Release|Any CPU.Build.0 = Release|Any CPU
		{4C74CA0B-0BF8-4F71-8383-720EBF90719F}.Debug|Any CPU.ActiveCfg = Debug|Any CPU
		{4C74CA0B-0BF8-4F71-8383-720EBF90719F}.Debug|Any CPU.Build.0 = Debug|Any CPU
		{4C74CA0B-0BF8-4F71-8383-720EBF90719F}.Release|Any CPU.ActiveCfg = Release|Any CPU
		{4C74CA0B-0BF8-4F71-8383-720EBF90719F}.Release|Any CPU.Build.0 = Release|Any CPU
	EndGlobalSection
	GlobalSection(SolutionProperties) = preSolution
		HideSolutionNode = FALSE
	EndGlobalSection
	GlobalSection(ExtensibilityGlobals) = postSolution
		SolutionGuid = {DF86CEBF-928F-4E47-B81B-164A3F22E2E1}
	EndGlobalSection
EndGlobal
